
Microsoft Visual Studio Solution File, Format Version 12.00
# Visual Studio 15
VisualStudioVersion = 15.0.28307.271
MinimumVisualStudioVersion = 10.0.40219.1
Project("{FAE04EC0-301F-11D3-BF4B-00C04F79EFBC}") = "confuserex-unpacker-custom", "confuserex-unpacker-custom\confuserex-unpacker-custom.csproj", "{C5D47C88-2281-4270-BA20-9B7CD6EE3C38}"
EndProject
Global
	GlobalSection(SolutionConfigurationPlatforms) = preSolution
		Debug|x86 = Debug|x86
		Release|x86 = Release|x86
	EndGlobalSection
	GlobalSection(ProjectConfigurationPlatforms) = postSolution
		{C5D47C88-2281-4270-BA20-9B7CD6EE3C38}.Debug|x86.ActiveCfg = Debug|x86
		{C5D47C88-2281-4270-BA20-9B7CD6EE3C38}.Debug|x86.Build.0 = Debug|x86
		{C5D47C88-2281-4270-BA20-9B7CD6EE3C38}.Release|x86.ActiveCfg = Release|x86
		{C5D47C88-2281-4270-BA20-9B7CD6EE3C38}.Release|x86.Build.0 = Release|x86
	EndGlobalSection
	GlobalSection(SolutionProperties) = preSolution
		HideSolutionNode = FALSE
	EndGlobalSection
	GlobalSection(ExtensibilityGlobals) = postSolution
		SolutionGuid = {B6B5E80E-55F2-46B0-850C-9E2A06FD13A6}
	EndGlobalSection
EndGlobal
